// !$*UTF8*$!
{
	archiveVersion = 1;
	classes = {
	};
	objectVersion = 55;
	objects = {

/* Begin PBXBuildFile section */
		DD870F6C280814C3004DDBC7 /* AppDelegate.swift in Sources */ = {isa = PBXBuildFile; fileRef = DD870F6B280814C3004DDBC7 /* AppDelegate.swift */; };
		DD870F70280814C3004DDBC7 /* AuthViewController.swift in Sources */ = {isa = PBXBuildFile; fileRef = DD870F6F280814C3004DDBC7 /* AuthViewController.swift */; };
		DD870F75280814C4004DDBC7 /* Assets.xcassets in Resources */ = {isa = PBXBuildFile; fileRef = DD870F74280814C4004DDBC7 /* Assets.xcassets */; };
		DD870F78280814C4004DDBC7 /* LaunchScreen.storyboard in Resources */ = {isa = PBXBuildFile; fileRef = DD870F76280814C4004DDBC7 /* LaunchScreen.storyboard */; };
		DD870F82280822EC004DDBC7 /* SignUpViewController.swift in Sources */ = {isa = PBXBuildFile; fileRef = DD870F81280822EC004DDBC7 /* SignUpViewController.swift */; };
		DD870F86280823CD004DDBC7 /* AlbumsViewController.swift in Sources */ = {isa = PBXBuildFile; fileRef = DD870F85280823CD004DDBC7 /* AlbumsViewController.swift */; };
		DD870F8928082930004DDBC7 /* UIStackView + Extensions.swift in Sources */ = {isa = PBXBuildFile; fileRef = DD870F8828082930004DDBC7 /* UIStackView + Extensions.swift */; };
		DD870F8B28083A82004DDBC7 /* UIViewController + Extension.swift in Sources */ = {isa = PBXBuildFile; fileRef = DD870F8A28083A82004DDBC7 /* UIViewController + Extension.swift */; };
		DDA43391280847A80071F67A /* UserInfoViewController.swift in Sources */ = {isa = PBXBuildFile; fileRef = DDA43390280847A80071F67A /* UserInfoViewController.swift */; };
		DDA43394280849110071F67A /* AlbumsTableViewCell.swift in Sources */ = {isa = PBXBuildFile; fileRef = DDA43393280849110071F67A /* AlbumsTableViewCell.swift */; };
		DDA433962808498B0071F67A /* DetailAlbumViewController.swift in Sources */ = {isa = PBXBuildFile; fileRef = DDA433952808498B0071F67A /* DetailAlbumViewController.swift */; };
		DDA43398280852CA0071F67A /* SongsCollectionViewCell.swift in Sources */ = {isa = PBXBuildFile; fileRef = DDA43397280852CA0071F67A /* SongsCollectionViewCell.swift */; };
		DDA4339A280881400071F67A /* String + Extension.swift in Sources */ = {isa = PBXBuildFile; fileRef = DDA43399280881400071F67A /* String + Extension.swift */; };
		DDA4339D28095DD50071F67A /* UserDefaultManager.swift in Sources */ = {isa = PBXBuildFile; fileRef = DDA4339C28095DD50071F67A /* UserDefaultManager.swift */; };
		DDA433A028095EC60071F67A /* UserModel.swift in Sources */ = {isa = PBXBuildFile; fileRef = DDA4339F28095EC60071F67A /* UserModel.swift */; };
		DDA433A22809666F0071F67A /* AlertOk.swift in Sources */ = {isa = PBXBuildFile; fileRef = DDA433A12809666F0071F67A /* AlertOk.swift */; };
		DDA433A428097BCD0071F67A /* AlbumModel.swift in Sources */ = {isa = PBXBuildFile; fileRef = DDA433A328097BCD0071F67A /* AlbumModel.swift */; };
		DDA433A728097D310071F67A /* NetworkRequest.swift in Sources */ = {isa = PBXBuildFile; fileRef = DDA433A628097D310071F67A /* NetworkRequest.swift */; };
		DDA433A928097EDB0071F67A /* NetworkDataFetch.swift in Sources */ = {isa = PBXBuildFile; fileRef = DDA433A828097EDB0071F67A /* NetworkDataFetch.swift */; };
		DDA433AB280996E50071F67A /* SongsModel.swift in Sources */ = {isa = PBXBuildFile; fileRef = DDA433AA280996E50071F67A /* SongsModel.swift */; };
/* End PBXBuildFile section */

/* Begin PBXFileReference section */
		DD870F68280814C3004DDBC7 /* ItunesTestApp.app */ = {isa = PBXFileReference; explicitFileType = wrapper.application; includeInIndex = 0; path = ItunesTestApp.app; sourceTree = BUILT_PRODUCTS_DIR; };
		DD870F6B280814C3004DDBC7 /* AppDelegate.swift */ = {isa = PBXFileReference; lastKnownFileType = sourcecode.swift; path = AppDelegate.swift; sourceTree = "<group>"; };
		DD870F6F280814C3004DDBC7 /* AuthViewController.swift */ = {isa = PBXFileReference; lastKnownFileType = sourcecode.swift; path = AuthViewController.swift; sourceTree = "<group>"; };
		DD870F74280814C4004DDBC7 /* Assets.xcassets */ = {isa = PBXFileReference; lastKnownFileType = folder.assetcatalog; path = Assets.xcassets; sourceTree = "<group>"; };
		DD870F77280814C4004DDBC7 /* Base */ = {isa = PBXFileReference; lastKnownFileType = file.storyboard; name = Base; path = Base.lproj/LaunchScreen.storyboard; sourceTree = "<group>"; };
		DD870F79280814C4004DDBC7 /* Info.plist */ = {isa = PBXFileReference; lastKnownFileType = text.plist.xml; path = Info.plist; sourceTree = "<group>"; };
		DD870F81280822EC004DDBC7 /* SignUpViewController.swift */ = {isa = PBXFileReference; lastKnownFileType = sourcecode.swift; path = SignUpViewController.swift; sourceTree = "<group>"; };
		DD870F85280823CD004DDBC7 /* AlbumsViewController.swift */ = {isa = PBXFileReference; lastKnownFileType = sourcecode.swift; path = AlbumsViewController.swift; sourceTree = "<group>"; };
		DD870F8828082930004DDBC7 /* UIStackView + Extensions.swift */ = {isa = PBXFileReference; lastKnownFileType = sourcecode.swift; path = "UIStackView + Extensions.swift"; sourceTree = "<group>"; };
		DD870F8A28083A82004DDBC7 /* UIViewController + Extension.swift */ = {isa = PBXFileReference; lastKnownFileType = sourcecode.swift; path = "UIViewController + Extension.swift"; sourceTree = "<group>"; };
		DDA43390280847A80071F67A /* UserInfoViewController.swift */ = {isa = PBXFileReference; lastKnownFileType = sourcecode.swift; path = UserInfoViewController.swift; sourceTree = "<group>"; };
		DDA43393280849110071F67A /* AlbumsTableViewCell.swift */ = {isa = PBXFileReference; lastKnownFileType = sourcecode.swift; path = AlbumsTableViewCell.swift; sourceTree = "<group>"; };
		DDA433952808498B0071F67A /* DetailAlbumViewController.swift */ = {isa = PBXFileReference; lastKnownFileType = sourcecode.swift; path = DetailAlbumViewController.swift; sourceTree = "<group>"; };
		DDA43397280852CA0071F67A /* SongsCollectionViewCell.swift */ = {isa = PBXFileReference; lastKnownFileType = sourcecode.swift; path = SongsCollectionViewCell.swift; sourceTree = "<group>"; };
		DDA43399280881400071F67A /* String + Extension.swift */ = {isa = PBXFileReference; lastKnownFileType = sourcecode.swift; path = "String + Extension.swift"; sourceTree = "<group>"; };
		DDA4339C28095DD50071F67A /* UserDefaultManager.swift */ = {isa = PBXFileReference; lastKnownFileType = sourcecode.swift; path = UserDefaultManager.swift; sourceTree = "<group>"; };
		DDA4339F28095EC60071F67A /* UserModel.swift */ = {isa = PBXFileReference; lastKnownFileType = sourcecode.swift; path = UserModel.swift; sourceTree = "<group>"; };
		DDA433A12809666F0071F67A /* AlertOk.swift */ = {isa = PBXFileReference; lastKnownFileType = sourcecode.swift; path = AlertOk.swift; sourceTree = "<group>"; };
		DDA433A328097BCD0071F67A /* AlbumModel.swift */ = {isa = PBXFileReference; lastKnownFileType = sourcecode.swift; path = AlbumModel.swift; sourceTree = "<group>"; };
		DDA433A628097D310071F67A /* NetworkRequest.swift */ = {isa = PBXFileReference; lastKnownFileType = sourcecode.swift; path = NetworkRequest.swift; sourceTree = "<group>"; };
		DDA433A828097EDB0071F67A /* NetworkDataFetch.swift */ = {isa = PBXFileReference; lastKnownFileType = sourcecode.swift; path = NetworkDataFetch.swift; sourceTree = "<group>"; };
		DDA433AA280996E50071F67A /* SongsModel.swift */ = {isa = PBXFileReference; lastKnownFileType = sourcecode.swift; path = SongsModel.swift; sourceTree = "<group>"; };
/* End PBXFileReference section */

/* Begin PBXFrameworksBuildPhase section */
		DD870F65280814C3004DDBC7 /* Frameworks */ = {
			isa = PBXFrameworksBuildPhase;
			buildActionMask = 2147483647;
			files = (
			);
			runOnlyForDeploymentPostprocessing = 0;
		};
/* End PBXFrameworksBuildPhase section */

/* Begin PBXGroup section */
		DD870F5F280814C3004DDBC7 = {
			isa = PBXGroup;
			children = (
				DD870F6A280814C3004DDBC7 /* ItunesTestApp */,
				DDA433A528097D100071F67A /* Network */,
				DDA4339B28095DB50071F67A /* Services */,
				DD870F87280828F9004DDBC7 /* Extensions */,
				DD870F69280814C3004DDBC7 /* Products */,
			);
			sourceTree = "<group>";
		};
		DD870F69280814C3004DDBC7 /* Products */ = {
			isa = PBXGroup;
			children = (
				DD870F68280814C3004DDBC7 /* ItunesTestApp.app */,
			);
			name = Products;
			sourceTree = "<group>";
		};
		DD870F6A280814C3004DDBC7 /* ItunesTestApp */ = {
			isa = PBXGroup;
			children = (
				DD870F7F2808177B004DDBC7 /* Source */,
				DDA4339E28095EA80071F67A /* Models */,
				DD870F8028081798004DDBC7 /* VievControllers */,
			);
			path = ItunesTestApp;
			sourceTree = "<group>";
		};
		DD870F7F2808177B004DDBC7 /* Source */ = {
			isa = PBXGroup;
			children = (
				DD870F6B280814C3004DDBC7 /* AppDelegate.swift */,
				DD870F74280814C4004DDBC7 /* Assets.xcassets */,
				DD870F76280814C4004DDBC7 /* LaunchScreen.storyboard */,
				DD870F79280814C4004DDBC7 /* Info.plist */,
			);
			name = Source;
			sourceTree = "<group>";
		};
		DD870F8028081798004DDBC7 /* VievControllers */ = {
			isa = PBXGroup;
			children = (
				DDA43392280848DC0071F67A /* Cells */,
				DD870F6F280814C3004DDBC7 /* AuthViewController.swift */,
				DD870F81280822EC004DDBC7 /* SignUpViewController.swift */,
				DD870F85280823CD004DDBC7 /* AlbumsViewController.swift */,
				DDA433952808498B0071F67A /* DetailAlbumViewController.swift */,
				DDA43390280847A80071F67A /* UserInfoViewController.swift */,
			);
			name = VievControllers;
			sourceTree = "<group>";
		};
		DD870F87280828F9004DDBC7 /* Extensions */ = {
			isa = PBXGroup;
			children = (
				DD870F8828082930004DDBC7 /* UIStackView + Extensions.swift */,
				DD870F8A28083A82004DDBC7 /* UIViewController + Extension.swift */,
				DDA43399280881400071F67A /* String + Extension.swift */,
			);
			name = Extensions;
			path = ItunesTestApp;
			sourceTree = "<group>";
		};
		DDA43392280848DC0071F67A /* Cells */ = {
			isa = PBXGroup;
			children = (
				DDA43393280849110071F67A /* AlbumsTableViewCell.swift */,
				DDA43397280852CA0071F67A /* SongsCollectionViewCell.swift */,
			);
			name = Cells;
			sourceTree = "<group>";
		};
		DDA4339B28095DB50071F67A /* Services */ = {
			isa = PBXGroup;
			children = (
				DDA4339C28095DD50071F67A /* UserDefaultManager.swift */,
			);
			name = Services;
			path = ItunesTestApp;
			sourceTree = "<group>";
		};
		DDA4339E28095EA80071F67A /* Models */ = {
			isa = PBXGroup;
			children = (
				DDA4339F28095EC60071F67A /* UserModel.swift */,
				DDA433A12809666F0071F67A /* AlertOk.swift */,
				DDA433A328097BCD0071F67A /* AlbumModel.swift */,
				DDA433AA280996E50071F67A /* SongsModel.swift */,
			);
			name = Models;
			sourceTree = "<group>";
		};
		DDA433A528097D100071F67A /* Network */ = {
			isa = PBXGroup;
			children = (
				DDA433A628097D310071F67A /* NetworkRequest.swift */,
				DDA433A828097EDB0071F67A /* NetworkDataFetch.swift */,
			);
			name = Network;
			path = ItunesTestApp;
			sourceTree = "<group>";
		};
/* End PBXGroup section */

/* Begin PBXNativeTarget section */
		DD870F67280814C3004DDBC7 /* ItunesTestApp */ = {
			isa = PBXNativeTarget;
			buildConfigurationList = DD870F7C280814C4004DDBC7 /* Build configuration list for PBXNativeTarget "ItunesTestApp" */;
			buildPhases = (
				DD870F64280814C3004DDBC7 /* Sources */,
				DD870F65280814C3004DDBC7 /* Frameworks */,
				DD870F66280814C3004DDBC7 /* Resources */,
			);
			buildRules = (
			);
			dependencies = (
			);
			name = ItunesTestApp;
			productName = ItunesTestApp;
			productReference = DD870F68280814C3004DDBC7 /* ItunesTestApp.app */;
			productType = "com.apple.product-type.application";
		};
/* End PBXNativeTarget section */

/* Begin PBXProject section */
		DD870F60280814C3004DDBC7 /* Project object */ = {
			isa = PBXProject;
			attributes = {
				BuildIndependentTargetsInParallel = 1;
				LastSwiftUpdateCheck = 1330;
				LastUpgradeCheck = 1330;
				TargetAttributes = {
					DD870F67280814C3004DDBC7 = {
						CreatedOnToolsVersion = 13.3.1;
					};
				};
			};
			buildConfigurationList = DD870F63280814C3004DDBC7 /* Build configuration list for PBXProject "ItunesTestApp" */;
			compatibilityVersion = "Xcode 13.0";
			developmentRegion = en;
			hasScannedForEncodings = 0;
			knownRegions = (
				en,
				Base,
			);
			mainGroup = DD870F5F280814C3004DDBC7;
			productRefGroup = DD870F69280814C3004DDBC7 /* Products */;
			projectDirPath = "";
			projectRoot = "";
			targets = (
				DD870F67280814C3004DDBC7 /* ItunesTestApp */,
			);
		};
/* End PBXProject section */

/* Begin PBXResourcesBuildPhase section */
		DD870F66280814C3004DDBC7 /* Resources */ = {
			isa = PBXResourcesBuildPhase;
			buildActionMask = 2147483647;
			files = (
				DD870F78280814C4004DDBC7 /* LaunchScreen.storyboard in Resources */,
				DD870F75280814C4004DDBC7 /* Assets.xcassets in Resources */,
			);
			runOnlyForDeploymentPostprocessing = 0;
		};
/* End PBXResourcesBuildPhase section */

/* Begin PBXSourcesBuildPhase section */
		DD870F64280814C3004DDBC7 /* Sources */ = {
			isa = PBXSourcesBuildPhase;
			buildActionMask = 2147483647;
			files = (
				DDA433962808498B0071F67A /* DetailAlbumViewController.swift in Sources */,
				DDA433A428097BCD0071F67A /* AlbumModel.swift in Sources */,
				DDA433A728097D310071F67A /* NetworkRequest.swift in Sources */,
				DD870F8928082930004DDBC7 /* UIStackView + Extensions.swift in Sources */,
				DDA43391280847A80071F67A /* UserInfoViewController.swift in Sources */,
				DDA43398280852CA0071F67A /* SongsCollectionViewCell.swift in Sources */,
				DD870F82280822EC004DDBC7 /* SignUpViewController.swift in Sources */,
				DDA433A028095EC60071F67A /* UserModel.swift in Sources */,
				DDA433A22809666F0071F67A /* AlertOk.swift in Sources */,
				DDA43394280849110071F67A /* AlbumsTableViewCell.swift in Sources */,
				DDA4339D28095DD50071F67A /* UserDefaultManager.swift in Sources */,
				DD870F8B28083A82004DDBC7 /* UIViewController + Extension.swift in Sources */,
				DDA4339A280881400071F67A /* String + Extension.swift in Sources */,
				DD870F70280814C3004DDBC7 /* AuthViewController.swift in Sources */,
				DDA433AB280996E50071F67A /* SongsModel.swift in Sources */,
				DDA433A928097EDB0071F67A /* NetworkDataFetch.swift in Sources */,
				DD870F6C280814C3004DDBC7 /* AppDelegate.swift in Sources */,
				DD870F86280823CD004DDBC7 /* AlbumsViewController.swift in Sources */,
			);
			runOnlyForDeploymentPostprocessing = 0;
		};
/* End PBXSourcesBuildPhase section */

/* Begin PBXVariantGroup section */
		DD870F76280814C4004DDBC7 /* LaunchScreen.storyboard */ = {
			isa = PBXVariantGroup;
			children = (
				DD870F77280814C4004DDBC7 /* Base */,
			);
			name = LaunchScreen.storyboard;
			sourceTree = "<group>";
		};
/* End PBXVariantGroup section */

/* Begin XCBuildConfiguration section */
		DD870F7A280814C4004DDBC7 /* Debug */ = {
			isa = XCBuildConfiguration;
			buildSettings = {
				ALWAYS_SEARCH_USER_PATHS = NO;
				CLANG_ANALYZER_NONNULL = YES;
				CLANG_ANALYZER_NUMBER_OBJECT_CONVERSION = YES_AGGRESSIVE;
				CLANG_CXX_LANGUAGE_STANDARD = "gnu++17";
				CLANG_ENABLE_MODULES = YES;
				CLANG_ENABLE_OBJC_ARC = YES;
				CLANG_ENABLE_OBJC_WEAK = YES;
				CLANG_WARN_BLOCK_CAPTURE_AUTORELEASING = YES;
				CLANG_WARN_BOOL_CONVERSION = YES;
				CLANG_WARN_COMMA = YES;
				CLANG_WARN_CONSTANT_CONVERSION = YES;
				CLANG_WARN_DEPRECATED_OBJC_IMPLEMENTATIONS = YES;
				CLANG_WARN_DIRECT_OBJC_ISA_USAGE = YES_ERROR;
				CLANG_WARN_DOCUMENTATION_COMMENTS = YES;
				CLANG_WARN_EMPTY_BODY = YES;
				CLANG_WARN_ENUM_CONVERSION = YES;
				CLANG_WARN_INFINITE_RECURSION = YES;
				CLANG_WARN_INT_CONVERSION = YES;
				CLANG_WARN_NON_LITERAL_NULL_CONVERSION = YES;
				CLANG_WARN_OBJC_IMPLICIT_RETAIN_SELF = YES;
				CLANG_WARN_OBJC_LITERAL_CONVERSION = YES;
				CLANG_WARN_OBJC_ROOT_CLASS = YES_ERROR;
				CLANG_WARN_QUOTED_INCLUDE_IN_FRAMEWORK_HEADER = YES;
				CLANG_WARN_RANGE_LOOP_ANALYSIS = YES;
				CLANG_WARN_STRICT_PROTOTYPES = YES;
				CLANG_WARN_SUSPICIOUS_MOVE = YES;
				CLANG_WARN_UNGUARDED_AVAILABILITY = YES_AGGRESSIVE;
				CLANG_WARN_UNREACHABLE_CODE = YES;
				CLANG_WARN__DUPLICATE_METHOD_MATCH = YES;
				COPY_PHASE_STRIP = NO;
				DEBUG_INFORMATION_FORMAT = dwarf;
				ENABLE_STRICT_OBJC_MSGSEND = YES;
				ENABLE_TESTABILITY = YES;
				GCC_C_LANGUAGE_STANDARD = gnu11;
				GCC_DYNAMIC_NO_PIC = NO;
				GCC_NO_COMMON_BLOCKS = YES;
				GCC_OPTIMIZATION_LEVEL = 0;
				GCC_PREPROCESSOR_DEFINITIONS = (
					"DEBUG=1",
					"$(inherited)",
				);
				GCC_WARN_64_TO_32_BIT_CONVERSION = YES;
				GCC_WARN_ABOUT_RETURN_TYPE = YES_ERROR;
				GCC_WARN_UNDECLARED_SELECTOR = YES;
				GCC_WARN_UNINITIALIZED_AUTOS = YES_AGGRESSIVE;
				GCC_WARN_UNUSED_FUNCTION = YES;
				GCC_WARN_UNUSED_VARIABLE = YES;
				IPHONEOS_DEPLOYMENT_TARGET = 15.4;
				MTL_ENABLE_DEBUG_INFO = INCLUDE_SOURCE;
				MTL_FAST_MATH = YES;
				ONLY_ACTIVE_ARCH = YES;
				SDKROOT = iphoneos;
				SWIFT_ACTIVE_COMPILATION_CONDITIONS = DEBUG;
				SWIFT_OPTIMIZATION_LEVEL = "-Onone";
			};
			name = Debug;
		};
		DD870F7B280814C4004DDBC7 /* Release */ = {
			isa = XCBuildConfiguration;
			buildSettings = {
				ALWAYS_SEARCH_USER_PATHS = NO;
				CLANG_ANALYZER_NONNULL = YES;
				CLANG_ANALYZER_NUMBER_OBJECT_CONVERSION = YES_AGGRESSIVE;
				CLANG_CXX_LANGUAGE_STANDARD = "gnu++17";
				CLANG_ENABLE_MODULES = YES;
				CLANG_ENABLE_OBJC_ARC = YES;
				CLANG_ENABLE_OBJC_WEAK = YES;
				CLANG_WARN_BLOCK_CAPTURE_AUTORELEASING = YES;
				CLANG_WARN_BOOL_CONVERSION = YES;
				CLANG_WARN_COMMA = YES;
				CLANG_WARN_CONSTANT_CONVERSION = YES;
				CLANG_WARN_DEPRECATED_OBJC_IMPLEMENTATIONS = YES;
				CLANG_WARN_DIRECT_OBJC_ISA_USAGE = YES_ERROR;
				CLANG_WARN_DOCUMENTATION_COMMENTS = YES;
				CLANG_WARN_EMPTY_BODY = YES;
				CLANG_WARN_ENUM_CONVERSION = YES;
				CLANG_WARN_INFINITE_RECURSION = YES;
				CLANG_WARN_INT_CONVERSION = YES;
				CLANG_WARN_NON_LITERAL_NULL_CONVERSION = YES;
				CLANG_WARN_OBJC_IMPLICIT_RETAIN_SELF = YES;
				CLANG_WARN_OBJC_LITERAL_CONVERSION = YES;
				CLANG_WARN_OBJC_ROOT_CLASS = YES_ERROR;
				CLANG_WARN_QUOTED_INCLUDE_IN_FRAMEWORK_HEADER = YES;
				CLANG_WARN_RANGE_LOOP_ANALYSIS = YES;
				CLANG_WARN_STRICT_PROTOTYPES = YES;
				CLANG_WARN_SUSPICIOUS_MOVE = YES;
				CLANG_WARN_UNGUARDED_AVAILABILITY = YES_AGGRESSIVE;
				CLANG_WARN_UNREACHABLE_CODE = YES;
				CLANG_WARN__DUPLICATE_METHOD_MATCH = YES;
				COPY_PHASE_STRIP = NO;
				DEBUG_INFORMATION_FORMAT = "dwarf-with-dsym";
				ENABLE_NS_ASSERTIONS = NO;
				ENABLE_STRICT_OBJC_MSGSEND = YES;
				GCC_C_LANGUAGE_STANDARD = gnu11;
				GCC_NO_COMMON_BLOCKS = YES;
				GCC_WARN_64_TO_32_BIT_CONVERSION = YES;
				GCC_WARN_ABOUT_RETURN_TYPE = YES_ERROR;
				GCC_WARN_UNDECLARED_SELECTOR = YES;
				GCC_WARN_UNINITIALIZED_AUTOS = YES_AGGRESSIVE;
				GCC_WARN_UNUSED_FUNCTION = YES;
				GCC_WARN_UNUSED_VARIABLE = YES;
				IPHONEOS_DEPLOYMENT_TARGET = 15.4;
				MTL_ENABLE_DEBUG_INFO = NO;
				MTL_FAST_MATH = YES;
				SDKROOT = iphoneos;
				SWIFT_COMPILATION_MODE = wholemodule;
				SWIFT_OPTIMIZATION_LEVEL = "-O";
				VALIDATE_PRODUCT = YES;
			};
			name = Release;
		};
		DD870F7D280814C4004DDBC7 /* Debug */ = {
			isa = XCBuildConfiguration;
			buildSettings = {
				ASSETCATALOG_COMPILER_APPICON_NAME = AppIcon;
				ASSETCATALOG_COMPILER_GLOBAL_ACCENT_COLOR_NAME = AccentColor;
				CODE_SIGN_STYLE = Automatic;
				CURRENT_PROJECT_VERSION = 1;
				DEVELOPMENT_TEAM = BN87K5QK52;
				GENERATE_INFOPLIST_FILE = YES;
				INFOPLIST_FILE = ItunesTestApp/Info.plist;
				INFOPLIST_KEY_UIApplicationSupportsIndirectInputEvents = YES;
				INFOPLIST_KEY_UILaunchStoryboardName = LaunchScreen;
				INFOPLIST_KEY_UISupportedInterfaceOrientations_iPad = "UIInterfaceOrientationPortrait UIInterfaceOrientationPortraitUpsideDown UIInterfaceOrientationLandscapeLeft UIInterfaceOrientationLandscapeRight";
				INFOPLIST_KEY_UISupportedInterfaceOrientations_iPhone = "UIInterfaceOrientationPortrait UIInterfaceOrientationLandscapeLeft UIInterfaceOrientationLandscapeRight";
				LD_RUNPATH_SEARCH_PATHS = (
					"$(inherited)",
					"@executable_path/Frameworks",
				);
				MARKETING_VERSION = 1.0;
				PRODUCT_BUNDLE_IDENTIFIER = HG.ItunesTestApp;
				PRODUCT_NAME = "$(TARGET_NAME)";
				SWIFT_EMIT_LOC_STRINGS = YES;
				SWIFT_VERSION = 5.0;
				TARGETED_DEVICE_FAMILY = "1,2";
			};
			name = Debug;
		};
		DD870F7E280814C4004DDBC7 /* Release */ = {
			isa = XCBuildConfiguration;
			buildSettings = {
				ASSETCATALOG_COMPILER_APPICON_NAME = AppIcon;
				ASSETCATALOG_COMPILER_GLOBAL_ACCENT_COLOR_NAME = AccentColor;
				CODE_SIGN_STYLE = Automatic;
				CURRENT_PROJECT_VERSION = 1;
				DEVELOPMENT_TEAM = BN87K5QK52;
				GENERATE_INFOPLIST_FILE = YES;
				INFOPLIST_FILE = ItunesTestApp/Info.plist;
				INFOPLIST_KEY_UIApplicationSupportsIndirectInputEvents = YES;
				INFOPLIST_KEY_UILaunchStoryboardName = LaunchScreen;
				INFOPLIST_KEY_UISupportedInterfaceOrientations_iPad = "UIInterfaceOrientationPortrait UIInterfaceOrientationPortraitUpsideDown UIInterfaceOrientationLandscapeLeft UIInterfaceOrientationLandscapeRight";
				INFOPLIST_KEY_UISupportedInterfaceOrientations_iPhone = "UIInterfaceOrientationPortrait UIInterfaceOrientationLandscapeLeft UIInterfaceOrientationLandscapeRight";
				LD_RUNPATH_SEARCH_PATHS = (
					"$(inherited)",
					"@executable_path/Frameworks",
				);
				MARKETING_VERSION = 1.0;
				PRODUCT_BUNDLE_IDENTIFIER = HG.ItunesTestApp;
				PRODUCT_NAME = "$(TARGET_NAME)";
				SWIFT_EMIT_LOC_STRINGS = YES;
				SWIFT_VERSION = 5.0;
				TARGETED_DEVICE_FAMILY = "1,2";
			};
			name = Release;
		};
/* End XCBuildConfiguration section */

/* Begin XCConfigurationList section */
		DD870F63280814C3004DDBC7 /* Build configuration list for PBXProject "ItunesTestApp" */ = {
			isa = XCConfigurationList;
			buildConfigurations = (
				DD870F7A280814C4004DDBC7 /* Debug */,
				DD870F7B280814C4004DDBC7 /* Release */,
			);
			defaultConfigurationIsVisible = 0;
			defaultConfigurationName = Release;
		};
		DD870F7C280814C4004DDBC7 /* Build configuration list for PBXNativeTarget "ItunesTestApp" */ = {
			isa = XCConfigurationList;
			buildConfigurations = (
				DD870F7D280814C4004DDBC7 /* Debug */,
				DD870F7E280814C4004DDBC7 /* Release */,
			);
			defaultConfigurationIsVisible = 0;
			defaultConfigurationName = Release;
		};
/* End XCConfigurationList section */
	};
	rootObject = DD870F60280814C3004DDBC7 /* Project object */;
}
